
Microsoft Visual Studio Solution File, Format Version 12.00
# Visual Studio 15
VisualStudioVersion = 15.0.28307.168
MinimumVisualStudioVersion = 10.0.40219.1
Project("{9A19103F-16F7-4668-BE54-9A1E7A4F7556}") = "Northwind.Server", "Northwind.Server\Northwind.Server.csproj", "{42FBC44A-ABF1-45DF-8061-5E5DFB3C9A3B}"
EndProject
Project("{9A19103F-16F7-4668-BE54-9A1E7A4F7556}") = "Northwind.DataLayer", "Northwind.DataLayer\Northwind.DataLayer.csproj", "{3EF125BF-DB61-4585-9DEA-D35AF5DF2ED2}"
EndProject
Project("{FAE04EC0-301F-11D3-BF4B-00C04F79EFBC}") = "Northwind.Server.Test", "Northwind.Server.Test\Northwind.Server.Test.csproj", "{8B859E48-17C5-462E-8246-A6346257A49E}"
EndProject
Global
	GlobalSection(SolutionConfigurationPlatforms) = preSolution
		Debug|Any CPU = Debug|Any CPU
		Release|Any CPU = Release|Any CPU
	EndGlobalSection
	GlobalSection(ProjectConfigurationPlatforms) = postSolution
		{42FBC44A-ABF1-45DF-8061-5E5DFB3C9A3B}.Debug|Any CPU.ActiveCfg = Debug|Any CPU
		{42FBC44A-ABF1-45DF-8061-5E5DFB3C9A3B}.Debug|Any CPU.Build.0 = Debug|Any CPU
		{42FBC44A-ABF1-45DF-8061-5E5DFB3C9A3B}.Release|Any CPU.ActiveCfg = Release|Any CPU
		{42FBC44A-ABF1-45DF-8061-5E5DFB3C9A3B}.Release|Any CPU.Build.0 = Release|Any CPU
		{3EF125BF-DB61-4585-9DEA-D35AF5DF2ED2}.Debug|Any CPU.ActiveCfg = Debug|Any CPU
		{3EF125BF-DB61-4585-9DEA-D35AF5DF2ED2}.Debug|Any CPU.Build.0 = Debug|Any CPU
		{3EF125BF-DB61-4585-9DEA-D35AF5DF2ED2}.Release|Any CPU.ActiveCfg = Release|Any CPU
		{3EF125BF-DB61-4585-9DEA-D35AF5DF2ED2}.Release|Any CPU.Build.0 = Release|Any CPU
		{8B859E48-17C5-462E-8246-A6346257A49E}.Debug|Any CPU.ActiveCfg = Debug|Any CPU
		{8B859E48-17C5-462E-8246-A6346257A49E}.Debug|Any CPU.Build.0 = Debug|Any CPU
		{8B859E48-17C5-462E-8246-A6346257A49E}.Release|Any CPU.ActiveCfg = Release|Any CPU
		{8B859E48-17C5-462E-8246-A6346257A49E}.Release|Any CPU.Build.0 = Release|Any CPU
	EndGlobalSection
	GlobalSection(SolutionProperties) = preSolution
		HideSolutionNode = FALSE
	EndGlobalSection
	GlobalSection(ExtensibilityGlobals) = postSolution
		SolutionGuid = {D1AAB15E-8E94-477B-B17C-9E01F0BCE95E}
	EndGlobalSection
EndGlobal
